// !$*UTF8*$!
{
	archiveVersion = 1;
	classes = {
	};
	objectVersion = 50;
	objects = {

/* Begin PBXBuildFile section */
		4E01A790229DBA3200852388 /* CustomTableViewCell.swift in Sources */ = {isa = PBXBuildFile; fileRef = 4E01A78F229DBA3200852388 /* CustomTableViewCell.swift */; };
		4EC807CE229DA8890030465B /* AppDelegate.swift in Sources */ = {isa = PBXBuildFile; fileRef = 4EC807CD229DA8890030465B /* AppDelegate.swift */; };
		4EC807D0229DA8890030465B /* ViewController.swift in Sources */ = {isa = PBXBuildFile; fileRef = 4EC807CF229DA8890030465B /* ViewController.swift */; };
		4EC807D3229DA8890030465B /* Main.storyboard in Resources */ = {isa = PBXBuildFile; fileRef = 4EC807D1229DA8890030465B /* Main.storyboard */; };
		4EC807D5229DA88A0030465B /* Assets.xcassets in Resources */ = {isa = PBXBuildFile; fileRef = 4EC807D4229DA88A0030465B /* Assets.xcassets */; };
		4EC807D8229DA88A0030465B /* LaunchScreen.storyboard in Resources */ = {isa = PBXBuildFile; fileRef = 4EC807D6229DA88A0030465B /* LaunchScreen.storyboard */; };
		4EC807E3229DA88A0030465B /* LoadingExampleTests.swift in Sources */ = {isa = PBXBuildFile; fileRef = 4EC807E2229DA88A0030465B /* LoadingExampleTests.swift */; };
		4EC807EE229DA88A0030465B /* LoadingExampleUITests.swift in Sources */ = {isa = PBXBuildFile; fileRef = 4EC807ED229DA88A0030465B /* LoadingExampleUITests.swift */; };
		63641B5E72A394CA8DF1D8B5 /* Pods_LoadingExample.framework in Frameworks */ = {isa = PBXBuildFile; fileRef = 7E84EE5DCDDCBA497D56A11D /* Pods_LoadingExample.framework */; };
/* End PBXBuildFile section */

/* Begin PBXContainerItemProxy section */
		4EC807DF229DA88A0030465B /* PBXContainerItemProxy */ = {
			isa = PBXContainerItemProxy;
			containerPortal = 4EC807C2229DA8890030465B /* Project object */;
			proxyType = 1;
			remoteGlobalIDString = 4EC807C9229DA8890030465B;
			remoteInfo = LoadingExample;
		};
		4EC807EA229DA88A0030465B /* PBXContainerItemProxy */ = {
			isa = PBXContainerItemProxy;
			containerPortal = 4EC807C2229DA8890030465B /* Project object */;
			proxyType = 1;
			remoteGlobalIDString = 4EC807C9229DA8890030465B;
			remoteInfo = LoadingExample;
		};
/* End PBXContainerItemProxy section */

/* Begin PBXFileReference section */
		21ADC00A1E4274FDB1BCCAD9 /* Pods-LoadingExample.release.xcconfig */ = {isa = PBXFileReference; includeInIndex = 1; lastKnownFileType = text.xcconfig; name = "Pods-LoadingExample.release.xcconfig"; path = "Target Support Files/Pods-LoadingExample/Pods-LoadingExample.release.xcconfig"; sourceTree = "<group>"; };
		4E01A78F229DBA3200852388 /* CustomTableViewCell.swift */ = {isa = PBXFileReference; lastKnownFileType = sourcecode.swift; path = CustomTableViewCell.swift; sourceTree = "<group>"; };
		4EC807CA229DA8890030465B /* LoadingExample.app */ = {isa = PBXFileReference; explicitFileType = wrapper.application; includeInIndex = 0; path = LoadingExample.app; sourceTree = BUILT_PRODUCTS_DIR; };
		4EC807CD229DA8890030465B /* AppDelegate.swift */ = {isa = PBXFileReference; lastKnownFileType = sourcecode.swift; path = AppDelegate.swift; sourceTree = "<group>"; };
		4EC807CF229DA8890030465B /* ViewController.swift */ = {isa = PBXFileReference; lastKnownFileType = sourcecode.swift; path = ViewController.swift; sourceTree = "<group>"; };
		4EC807D2229DA8890030465B /* Base */ = {isa = PBXFileReference; lastKnownFileType = file.storyboard; name = Base; path = Base.lproj/Main.storyboard; sourceTree = "<group>"; };
		4EC807D4229DA88A0030465B /* Assets.xcassets */ = {isa = PBXFileReference; lastKnownFileType = folder.assetcatalog; path = Assets.xcassets; sourceTree = "<group>"; };
		4EC807D7229DA88A0030465B /* Base */ = {isa = PBXFileReference; lastKnownFileType = file.storyboard; name = Base; path = Base.lproj/LaunchScreen.storyboard; sourceTree = "<group>"; };
		4EC807D9229DA88A0030465B /* Info.plist */ = {isa = PBXFileReference; lastKnownFileType = text.plist.xml; path = Info.plist; sourceTree = "<group>"; };
		4EC807DE229DA88A0030465B /* LoadingExampleTests.xctest */ = {isa = PBXFileReference; explicitFileType = wrapper.cfbundle; includeInIndex = 0; path = LoadingExampleTests.xctest; sourceTree = BUILT_PRODUCTS_DIR; };
		4EC807E2229DA88A0030465B /* LoadingExampleTests.swift */ = {isa = PBXFileReference; lastKnownFileType = sourcecode.swift; path = LoadingExampleTests.swift; sourceTree = "<group>"; };
		4EC807E4229DA88A0030465B /* Info.plist */ = {isa = PBXFileReference; lastKnownFileType = text.plist.xml; path = Info.plist; sourceTree = "<group>"; };
		4EC807E9229DA88A0030465B /* LoadingExampleUITests.xctest */ = {isa = PBXFileReference; explicitFileType = wrapper.cfbundle; includeInIndex = 0; path = LoadingExampleUITests.xctest; sourceTree = BUILT_PRODUCTS_DIR; };
		4EC807ED229DA88A0030465B /* LoadingExampleUITests.swift */ = {isa = PBXFileReference; lastKnownFileType = sourcecode.swift; path = LoadingExampleUITests.swift; sourceTree = "<group>"; };
		4EC807EF229DA88A0030465B /* Info.plist */ = {isa = PBXFileReference; lastKnownFileType = text.plist.xml; path = Info.plist; sourceTree = "<group>"; };
		7E84EE5DCDDCBA497D56A11D /* Pods_LoadingExample.framework */ = {isa = PBXFileReference; explicitFileType = wrapper.framework; includeInIndex = 0; path = Pods_LoadingExample.framework; sourceTree = BUILT_PRODUCTS_DIR; };
		ACED190869F609ADAF38DDCE /* Pods-LoadingExample.debug.xcconfig */ = {isa = PBXFileReference; includeInIndex = 1; lastKnownFileType = text.xcconfig; name = "Pods-LoadingExample.debug.xcconfig"; path = "Target Support Files/Pods-LoadingExample/Pods-LoadingExample.debug.xcconfig"; sourceTree = "<group>"; };
/* End PBXFileReference section */

/* Begin PBXFrameworksBuildPhase section */
		4EC807C7229DA8890030465B /* Frameworks */ = {
			isa = PBXFrameworksBuildPhase;
			buildActionMask = 2147483647;
			files = (
				63641B5E72A394CA8DF1D8B5 /* Pods_LoadingExample.framework in Frameworks */,
			);
			runOnlyForDeploymentPostprocessing = 0;
		};
		4EC807DB229DA88A0030465B /* Frameworks */ = {
			isa = PBXFrameworksBuildPhase;
			buildActionMask = 2147483647;
			files = (
			);
			runOnlyForDeploymentPostprocessing = 0;
		};
		4EC807E6229DA88A0030465B /* Frameworks */ = {
			isa = PBXFrameworksBuildPhase;
			buildActionMask = 2147483647;
			files = (
			);
			runOnlyForDeploymentPostprocessing = 0;
		};
/* End PBXFrameworksBuildPhase section */

/* Begin PBXGroup section */
		4EC807C1229DA8890030465B = {
			isa = PBXGroup;
			children = (
				4EC807CC229DA8890030465B /* LoadingExample */,
				4EC807E1229DA88A0030465B /* LoadingExampleTests */,
				4EC807EC229DA88A0030465B /* LoadingExampleUITests */,
				4EC807CB229DA8890030465B /* Products */,
				BA84CD4CFC0890ED2B5E1709 /* Pods */,
				73E6CEA2F96D43D4A5C26B52 /* Frameworks */,
			);
			sourceTree = "<group>";
		};
		4EC807CB229DA8890030465B /* Products */ = {
			isa = PBXGroup;
			children = (
				4EC807CA229DA8890030465B /* LoadingExample.app */,
				4EC807DE229DA88A0030465B /* LoadingExampleTests.xctest */,
				4EC807E9229DA88A0030465B /* LoadingExampleUITests.xctest */,
			);
			name = Products;
			sourceTree = "<group>";
		};
		4EC807CC229DA8890030465B /* LoadingExample */ = {
			isa = PBXGroup;
			children = (
				4EC807CD229DA8890030465B /* AppDelegate.swift */,
				4EC807CF229DA8890030465B /* ViewController.swift */,
				4EC807D1229DA8890030465B /* Main.storyboard */,
				4EC807D4229DA88A0030465B /* Assets.xcassets */,
				4EC807D6229DA88A0030465B /* LaunchScreen.storyboard */,
				4EC807D9229DA88A0030465B /* Info.plist */,
				4E01A78F229DBA3200852388 /* CustomTableViewCell.swift */,
			);
			path = LoadingExample;
			sourceTree = "<group>";
		};
		4EC807E1229DA88A0030465B /* LoadingExampleTests */ = {
			isa = PBXGroup;
			children = (
				4EC807E2229DA88A0030465B /* LoadingExampleTests.swift */,
				4EC807E4229DA88A0030465B /* Info.plist */,
			);
			path = LoadingExampleTests;
			sourceTree = "<group>";
		};
		4EC807EC229DA88A0030465B /* LoadingExampleUITests */ = {
			isa = PBXGroup;
			children = (
				4EC807ED229DA88A0030465B /* LoadingExampleUITests.swift */,
				4EC807EF229DA88A0030465B /* Info.plist */,
			);
			path = LoadingExampleUITests;
			sourceTree = "<group>";
		};
		73E6CEA2F96D43D4A5C26B52 /* Frameworks */ = {
			isa = PBXGroup;
			children = (
				7E84EE5DCDDCBA497D56A11D /* Pods_LoadingExample.framework */,
			);
			name = Frameworks;
			sourceTree = "<group>";
		};
		BA84CD4CFC0890ED2B5E1709 /* Pods */ = {
			isa = PBXGroup;
			children = (
				ACED190869F609ADAF38DDCE /* Pods-LoadingExample.debug.xcconfig */,
				21ADC00A1E4274FDB1BCCAD9 /* Pods-LoadingExample.release.xcconfig */,
			);
			path = Pods;
			sourceTree = "<group>";
		};
/* End PBXGroup section */

/* Begin PBXNativeTarget section */
		4EC807C9229DA8890030465B /* LoadingExample */ = {
			isa = PBXNativeTarget;
			buildConfigurationList = 4EC807F2229DA88A0030465B /* Build configuration list for PBXNativeTarget "LoadingExample" */;
			buildPhases = (
				7261B8FB95F5CDBC0D32A9BD /* [CP] Check Pods Manifest.lock */,
				4EC807C6229DA8890030465B /* Sources */,
				4EC807C7229DA8890030465B /* Frameworks */,
				4EC807C8229DA8890030465B /* Resources */,
				C39BDB31FEF998787579CA7A /* [CP] Embed Pods Frameworks */,
			);
			buildRules = (
			);
			dependencies = (
			);
			name = LoadingExample;
			productName = LoadingExample;
			productReference = 4EC807CA229DA8890030465B /* LoadingExample.app */;
			productType = "com.apple.product-type.application";
		};
		4EC807DD229DA88A0030465B /* LoadingExampleTests */ = {
			isa = PBXNativeTarget;
			buildConfigurationList = 4EC807F5229DA88A0030465B /* Build configuration list for PBXNativeTarget "LoadingExampleTests" */;
			buildPhases = (
				4EC807DA229DA88A0030465B /* Sources */,
				4EC807DB229DA88A0030465B /* Frameworks */,
				4EC807DC229DA88A0030465B /* Resources */,
			);
			buildRules = (
			);
			dependencies = (
				4EC807E0229DA88A0030465B /* PBXTargetDependency */,
			);
			name = LoadingExampleTests;
			productName = LoadingExampleTests;
			productReference = 4EC807DE229DA88A0030465B /* LoadingExampleTests.xctest */;
			productType = "com.apple.product-type.bundle.unit-test";
		};
		4EC807E8229DA88A0030465B /* LoadingExampleUITests */ = {
			isa = PBXNativeTarget;
			buildConfigurationList = 4EC807F8229DA88A0030465B /* Build configuration list for PBXNativeTarget "LoadingExampleUITests" */;
			buildPhases = (
				4EC807E5229DA88A0030465B /* Sources */,
				4EC807E6229DA88A0030465B /* Frameworks */,
				4EC807E7229DA88A0030465B /* Resources */,
			);
			buildRules = (
			);
			dependencies = (
				4EC807EB229DA88A0030465B /* PBXTargetDependency */,
			);
			name = LoadingExampleUITests;
			productName = LoadingExampleUITests;
			productReference = 4EC807E9229DA88A0030465B /* LoadingExampleUITests.xctest */;
			productType = "com.apple.product-type.bundle.ui-testing";
		};
/* End PBXNativeTarget section */

/* Begin PBXProject section */
		4EC807C2229DA8890030465B /* Project object */ = {
			isa = PBXProject;
			attributes = {
				LastSwiftUpdateCheck = 1010;
				LastUpgradeCheck = 1010;
				ORGANIZATIONNAME = "Gary Tokman";
				TargetAttributes = {
					4EC807C9229DA8890030465B = {
						CreatedOnToolsVersion = 10.1;
					};
					4EC807DD229DA88A0030465B = {
						CreatedOnToolsVersion = 10.1;
						TestTargetID = 4EC807C9229DA8890030465B;
					};
					4EC807E8229DA88A0030465B = {
						CreatedOnToolsVersion = 10.1;
						TestTargetID = 4EC807C9229DA8890030465B;
					};
				};
			};
			buildConfigurationList = 4EC807C5229DA8890030465B /* Build configuration list for PBXProject "LoadingExample" */;
			compatibilityVersion = "Xcode 9.3";
			developmentRegion = en;
			hasScannedForEncodings = 0;
			knownRegions = (
				en,
				Base,
			);
			mainGroup = 4EC807C1229DA8890030465B;
			productRefGroup = 4EC807CB229DA8890030465B /* Products */;
			projectDirPath = "";
			projectRoot = "";
			targets = (
				4EC807C9229DA8890030465B /* LoadingExample */,
				4EC807DD229DA88A0030465B /* LoadingExampleTests */,
				4EC807E8229DA88A0030465B /* LoadingExampleUITests */,
			);
		};
/* End PBXProject section */

/* Begin PBXResourcesBuildPhase section */
		4EC807C8229DA8890030465B /* Resources */ = {
			isa = PBXResourcesBuildPhase;
			buildActionMask = 2147483647;
			files = (
				4EC807D8229DA88A0030465B /* LaunchScreen.storyboard in Resources */,
				4EC807D5229DA88A0030465B /* Assets.xcassets in Resources */,
				4EC807D3229DA8890030465B /* Main.storyboard in Resources */,
			);
			runOnlyForDeploymentPostprocessing = 0;
		};
		4EC807DC229DA88A0030465B /* Resources */ = {
			isa = PBXResourcesBuildPhase;
			buildActionMask = 2147483647;
			files = (
			);
			runOnlyForDeploymentPostprocessing = 0;
		};
		4EC807E7229DA88A0030465B /* Resources */ = {
			isa = PBXResourcesBuildPhase;
			buildActionMask = 2147483647;
			files = (
			);
			runOnlyForDeploymentPostprocessing = 0;
		};
/* End PBXResourcesBuildPhase section */

/* Begin PBXShellScriptBuildPhase section */
		7261B8FB95F5CDBC0D32A9BD /* [CP] Check Pods Manifest.lock */ = {
			isa = PBXShellScriptBuildPhase;
			buildActionMask = 2147483647;
			files = (
			);
			inputFileListPaths = (
			);
			inputPaths = (
				"${PODS_PODFILE_DIR_PATH}/Podfile.lock",
				"${PODS_ROOT}/Manifest.lock",
			);
			name = "[CP] Check Pods Manifest.lock";
			outputFileListPaths = (
			);
			outputPaths = (
				"$(DERIVED_FILE_DIR)/Pods-LoadingExample-checkManifestLockResult.txt",
			);
			runOnlyForDeploymentPostprocessing = 0;
			shellPath = /bin/sh;
			shellScript = "diff \"${PODS_PODFILE_DIR_PATH}/Podfile.lock\" \"${PODS_ROOT}/Manifest.lock\" > /dev/null\nif [ $? != 0 ] ; then\n    # print error to STDERR\n    echo \"error: The sandbox is not in sync with the Podfile.lock. Run 'pod install' or update your CocoaPods installation.\" >&2\n    exit 1\nfi\n# This output is used by Xcode 'outputs' to avoid re-running this script phase.\necho \"SUCCESS\" > \"${SCRIPT_OUTPUT_FILE_0}\"\n";
			showEnvVarsInLog = 0;
		};
		C39BDB31FEF998787579CA7A /* [CP] Embed Pods Frameworks */ = {
			isa = PBXShellScriptBuildPhase;
			buildActionMask = 2147483647;
			files = (
			);
			inputFileListPaths = (
			);
			inputPaths = (
				"${PODS_ROOT}/Target Support Files/Pods-LoadingExample/Pods-LoadingExample-frameworks.sh",
				"${BUILT_PRODUCTS_DIR}/SkeletonView/SkeletonView.framework",
			);
			name = "[CP] Embed Pods Frameworks";
			outputFileListPaths = (
			);
			outputPaths = (
				"${TARGET_BUILD_DIR}/${FRAMEWORKS_FOLDER_PATH}/SkeletonView.framework",
			);
			runOnlyForDeploymentPostprocessing = 0;
			shellPath = /bin/sh;
			shellScript = "\"${PODS_ROOT}/Target Support Files/Pods-LoadingExample/Pods-LoadingExample-frameworks.sh\"\n";
			showEnvVarsInLog = 0;
		};
/* End PBXShellScriptBuildPhase section */

/* Begin PBXSourcesBuildPhase section */
		4EC807C6229DA8890030465B /* Sources */ = {
			isa = PBXSourcesBuildPhase;
			buildActionMask = 2147483647;
			files = (
				4E01A790229DBA3200852388 /* CustomTableViewCell.swift in Sources */,
				4EC807D0229DA8890030465B /* ViewController.swift in Sources */,
				4EC807CE229DA8890030465B /* AppDelegate.swift in Sources */,
			);
			runOnlyForDeploymentPostprocessing = 0;
		};
		4EC807DA229DA88A0030465B /* Sources */ = {
			isa = PBXSourcesBuildPhase;
			buildActionMask = 2147483647;
			files = (
				4EC807E3229DA88A0030465B /* LoadingExampleTests.swift in Sources */,
			);
			runOnlyForDeploymentPostprocessing = 0;
		};
		4EC807E5229DA88A0030465B /* Sources */ = {
			isa = PBXSourcesBuildPhase;
			buildActionMask = 2147483647;
			files = (
				4EC807EE229DA88A0030465B /* LoadingExampleUITests.swift in Sources */,
			);
			runOnlyForDeploymentPostprocessing = 0;
		};
/* End PBXSourcesBuildPhase section */

/* Begin PBXTargetDependency section */
		4EC807E0229DA88A0030465B /* PBXTargetDependency */ = {
			isa = PBXTargetDependency;
			target = 4EC807C9229DA8890030465B /* LoadingExample */;
			targetProxy = 4EC807DF229DA88A0030465B /* PBXContainerItemProxy */;
		};
		4EC807EB229DA88A0030465B /* PBXTargetDependency */ = {
			isa = PBXTargetDependency;
			target = 4EC807C9229DA8890030465B /* LoadingExample */;
			targetProxy = 4EC807EA229DA88A0030465B /* PBXContainerItemProxy */;
		};
/* End PBXTargetDependency section */

/* Begin PBXVariantGroup section */
		4EC807D1229DA8890030465B /* Main.storyboard */ = {
			isa = PBXVariantGroup;
			children = (
				4EC807D2229DA8890030465B /* Base */,
			);
			name = Main.storyboard;
			sourceTree = "<group>";
		};
		4EC807D6229DA88A0030465B /* LaunchScreen.storyboard */ = {
			isa = PBXVariantGroup;
			children = (
				4EC807D7229DA88A0030465B /* Base */,
			);
			name = LaunchScreen.storyboard;
			sourceTree = "<group>";
		};
/* End PBXVariantGroup section */

/* Begin XCBuildConfiguration section */
		4EC807F0229DA88A0030465B /* Debug */ = {
			isa = XCBuildConfiguration;
			buildSettings = {
				ALWAYS_SEARCH_USER_PATHS = NO;
				CLANG_ANALYZER_NONNULL = YES;
				CLANG_ANALYZER_NUMBER_OBJECT_CONVERSION = YES_AGGRESSIVE;
				CLANG_CXX_LANGUAGE_STANDARD = "gnu++14";
				CLANG_CXX_LIBRARY = "libc++";
				CLANG_ENABLE_MODULES = YES;
				CLANG_ENABLE_OBJC_ARC = YES;
				CLANG_ENABLE_OBJC_WEAK = YES;
				CLANG_WARN_BLOCK_CAPTURE_AUTORELEASING = YES;
				CLANG_WARN_BOOL_CONVERSION = YES;
				CLANG_WARN_COMMA = YES;
				CLANG_WARN_CONSTANT_CONVERSION = YES;
				CLANG_WARN_DEPRECATED_OBJC_IMPLEMENTATIONS = YES;
				CLANG_WARN_DIRECT_OBJC_ISA_USAGE = YES_ERROR;
				CLANG_WARN_DOCUMENTATION_COMMENTS = YES;
				CLANG_WARN_EMPTY_BODY = YES;
				CLANG_WARN_ENUM_CONVERSION = YES;
				CLANG_WARN_INFINITE_RECURSION = YES;
				CLANG_WARN_INT_CONVERSION = YES;
				CLANG_WARN_NON_LITERAL_NULL_CONVERSION = YES;
				CLANG_WARN_OBJC_IMPLICIT_RETAIN_SELF = YES;
				CLANG_WARN_OBJC_LITERAL_CONVERSION = YES;
				CLANG_WARN_OBJC_ROOT_CLASS = YES_ERROR;
				CLANG_WARN_RANGE_LOOP_ANALYSIS = YES;
				CLANG_WARN_STRICT_PROTOTYPES = YES;
				CLANG_WARN_SUSPICIOUS_MOVE = YES;
				CLANG_WARN_UNGUARDED_AVAILABILITY = YES_AGGRESSIVE;
				CLANG_WARN_UNREACHABLE_CODE = YES;
				CLANG_WARN__DUPLICATE_METHOD_MATCH = YES;
				CODE_SIGN_IDENTITY = "iPhone Developer";
				COPY_PHASE_STRIP = NO;
				DEBUG_INFORMATION_FORMAT = dwarf;
				ENABLE_STRICT_OBJC_MSGSEND = YES;
				ENABLE_TESTABILITY = YES;
				GCC_C_LANGUAGE_STANDARD = gnu11;
				GCC_DYNAMIC_NO_PIC = NO;
				GCC_NO_COMMON_BLOCKS = YES;
				GCC_OPTIMIZATION_LEVEL = 0;
				GCC_PREPROCESSOR_DEFINITIONS = (
					"DEBUG=1",
					"$(inherited)",
				);
				GCC_WARN_64_TO_32_BIT_CONVERSION = YES;
				GCC_WARN_ABOUT_RETURN_TYPE = YES_ERROR;
				GCC_WARN_UNDECLARED_SELECTOR = YES;
				GCC_WARN_UNINITIALIZED_AUTOS = YES_AGGRESSIVE;
				GCC_WARN_UNUSED_FUNCTION = YES;
				GCC_WARN_UNUSED_VARIABLE = YES;
				IPHONEOS_DEPLOYMENT_TARGET = 12.1;
				MTL_ENABLE_DEBUG_INFO = INCLUDE_SOURCE;
				MTL_FAST_MATH = YES;
				ONLY_ACTIVE_ARCH = YES;
				SDKROOT = iphoneos;
				SWIFT_ACTIVE_COMPILATION_CONDITIONS = DEBUG;
				SWIFT_OPTIMIZATION_LEVEL = "-Onone";
			};
			name = Debug;
		};
		4EC807F1229DA88A0030465B /* Release */ = {
			isa = XCBuildConfiguration;
			buildSettings = {
				ALWAYS_SEARCH_USER_PATHS = NO;
				CLANG_ANALYZER_NONNULL = YES;
				CLANG_ANALYZER_NUMBER_OBJECT_CONVERSION = YES_AGGRESSIVE;
				CLANG_CXX_LANGUAGE_STANDARD = "gnu++14";
				CLANG_CXX_LIBRARY = "libc++";
				CLANG_ENABLE_MODULES = YES;
				CLANG_ENABLE_OBJC_ARC = YES;
				CLANG_ENABLE_OBJC_WEAK = YES;
				CLANG_WARN_BLOCK_CAPTURE_AUTORELEASING = YES;
				CLANG_WARN_BOOL_CONVERSION = YES;
				CLANG_WARN_COMMA = YES;
				CLANG_WARN_CONSTANT_CONVERSION = YES;
				CLANG_WARN_DEPRECATED_OBJC_IMPLEMENTATIONS = YES;
				CLANG_WARN_DIRECT_OBJC_ISA_USAGE = YES_ERROR;
				CLANG_WARN_DOCUMENTATION_COMMENTS = YES;
				CLANG_WARN_EMPTY_BODY = YES;
				CLANG_WARN_ENUM_CONVERSION = YES;
				CLANG_WARN_INFINITE_RECURSION = YES;
				CLANG_WARN_INT_CONVERSION = YES;
				CLANG_WARN_NON_LITERAL_NULL_CONVERSION = YES;
				CLANG_WARN_OBJC_IMPLICIT_RETAIN_SELF = YES;
				CLANG_WARN_OBJC_LITERAL_CONVERSION = YES;
				CLANG_WARN_OBJC_ROOT_CLASS = YES_ERROR;
				CLANG_WARN_RANGE_LOOP_ANALYSIS = YES;
				CLANG_WARN_STRICT_PROTOTYPES = YES;
				CLANG_WARN_SUSPICIOUS_MOVE = YES;
				CLANG_WARN_UNGUARDED_AVAILABILITY = YES_AGGRESSIVE;
				CLANG_WARN_UNREACHABLE_CODE = YES;
				CLANG_WARN__DUPLICATE_METHOD_MATCH = YES;
				CODE_SIGN_IDENTITY = "iPhone Developer";
				COPY_PHASE_STRIP = NO;
				DEBUG_INFORMATION_FORMAT = "dwarf-with-dsym";
				ENABLE_NS_ASSERTIONS = NO;
				ENABLE_STRICT_OBJC_MSGSEND = YES;
				GCC_C_LANGUAGE_STANDARD = gnu11;
				GCC_NO_COMMON_BLOCKS = YES;
				GCC_WARN_64_TO_32_BIT_CONVERSION = YES;
				GCC_WARN_ABOUT_RETURN_TYPE = YES_ERROR;
				GCC_WARN_UNDECLARED_SELECTOR = YES;
				GCC_WARN_UNINITIALIZED_AUTOS = YES_AGGRESSIVE;
				GCC_WARN_UNUSED_FUNCTION = YES;
				GCC_WARN_UNUSED_VARIABLE = YES;
				IPHONEOS_DEPLOYMENT_TARGET = 12.1;
				MTL_ENABLE_DEBUG_INFO = NO;
				MTL_FAST_MATH = YES;
				SDKROOT = iphoneos;
				SWIFT_COMPILATION_MODE = wholemodule;
				SWIFT_OPTIMIZATION_LEVEL = "-O";
				VALIDATE_PRODUCT = YES;
			};
			name = Release;
		};
		4EC807F3229DA88A0030465B /* Debug */ = {
			isa = XCBuildConfiguration;
			baseConfigurationReference = ACED190869F609ADAF38DDCE /* Pods-LoadingExample.debug.xcconfig */;
			buildSettings = {
				ASSETCATALOG_COMPILER_APPICON_NAME = AppIcon;
				CODE_SIGN_STYLE = Automatic;
				INFOPLIST_FILE = LoadingExample/Info.plist;
				LD_RUNPATH_SEARCH_PATHS = (
					"$(inherited)",
					"@executable_path/Frameworks",
				);
				PRODUCT_BUNDLE_IDENTIFIER = com.garytokman.LoadingExample;
				PRODUCT_NAME = "$(TARGET_NAME)";
				SWIFT_VERSION = 4.2;
				TARGETED_DEVICE_FAMILY = "1,2";
			};
			name = Debug;
		};
		4EC807F4229DA88A0030465B /* Release */ = {
			isa = XCBuildConfiguration;
			baseConfigurationReference = 21ADC00A1E4274FDB1BCCAD9 /* Pods-LoadingExample.release.xcconfig */;
			buildSettings = {
				ASSETCATALOG_COMPILER_APPICON_NAME = AppIcon;
				CODE_SIGN_STYLE = Automatic;
				INFOPLIST_FILE = LoadingExample/Info.plist;
				LD_RUNPATH_SEARCH_PATHS = (
					"$(inherited)",
					"@executable_path/Frameworks",
				);
				PRODUCT_BUNDLE_IDENTIFIER = com.garytokman.LoadingExample;
				PRODUCT_NAME = "$(TARGET_NAME)";
				SWIFT_VERSION = 4.2;
				TARGETED_DEVICE_FAMILY = "1,2";
			};
			name = Release;
		};
		4EC807F6229DA88A0030465B /* Debug */ = {
			isa = XCBuildConfiguration;
			buildSettings = {
				ALWAYS_EMBED_SWIFT_STANDARD_LIBRARIES = YES;
				BUNDLE_LOADER = "$(TEST_HOST)";
				CODE_SIGN_STYLE = Automatic;
				INFOPLIST_FILE = LoadingExampleTests/Info.plist;
				LD_RUNPATH_SEARCH_PATHS = (
					"$(inherited)",
					"@executable_path/Frameworks",
					"@loader_path/Frameworks",
				);
				PRODUCT_BUNDLE_IDENTIFIER = com.garytokman.LoadingExampleTests;
				PRODUCT_NAME = "$(TARGET_NAME)";
				SWIFT_VERSION = 4.2;
				TARGETED_DEVICE_FAMILY = "1,2";
				TEST_HOST = "$(BUILT_PRODUCTS_DIR)/LoadingExample.app/LoadingExample";
			};
			name = Debug;
		};
		4EC807F7229DA88A0030465B /* Release */ = {
			isa = XCBuildConfiguration;
			buildSettings = {
				ALWAYS_EMBED_SWIFT_STANDARD_LIBRARIES = YES;
				BUNDLE_LOADER = "$(TEST_HOST)";
				CODE_SIGN_STYLE = Automatic;
				INFOPLIST_FILE = LoadingExampleTests/Info.plist;
				LD_RUNPATH_SEARCH_PATHS = (
					"$(inherited)",
					"@executable_path/Frameworks",
					"@loader_path/Frameworks",
				);
				PRODUCT_BUNDLE_IDENTIFIER = com.garytokman.LoadingExampleTests;
				PRODUCT_NAME = "$(TARGET_NAME)";
				SWIFT_VERSION = 4.2;
				TARGETED_DEVICE_FAMILY = "1,2";
				TEST_HOST = "$(BUILT_PRODUCTS_DIR)/LoadingExample.app/LoadingExample";
			};
			name = Release;
		};
		4EC807F9229DA88A0030465B /* Debug */ = {
			isa = XCBuildConfiguration;
			buildSettings = {
				ALWAYS_EMBED_SWIFT_STANDARD_LIBRARIES = YES;
				CODE_SIGN_STYLE = Automatic;
				INFOPLIST_FILE = LoadingExampleUITests/Info.plist;
				LD_RUNPATH_SEARCH_PATHS = (
					"$(inherited)",
					"@executable_path/Frameworks",
					"@loader_path/Frameworks",
				);
				PRODUCT_BUNDLE_IDENTIFIER = com.garytokman.LoadingExampleUITests;
				PRODUCT_NAME = "$(TARGET_NAME)";
				SWIFT_VERSION = 4.2;
				TARGETED_DEVICE_FAMILY = "1,2";
				TEST_TARGET_NAME = LoadingExample;
			};
			name = Debug;
		};
		4EC807FA229DA88A0030465B /* Release */ = {
			isa = XCBuildConfiguration;
			buildSettings = {
				ALWAYS_EMBED_SWIFT_STANDARD_LIBRARIES = YES;
				CODE_SIGN_STYLE = Automatic;
				INFOPLIST_FILE = LoadingExampleUITests/Info.plist;
				LD_RUNPATH_SEARCH_PATHS = (
					"$(inherited)",
					"@executable_path/Frameworks",
					"@loader_path/Frameworks",
				);
				PRODUCT_BUNDLE_IDENTIFIER = com.garytokman.LoadingExampleUITests;
				PRODUCT_NAME = "$(TARGET_NAME)";
				SWIFT_VERSION = 4.2;
				TARGETED_DEVICE_FAMILY = "1,2";
				TEST_TARGET_NAME = LoadingExample;
			};
			name = Release;
		};
/* End XCBuildConfiguration section */

/* Begin XCConfigurationList section */
		4EC807C5229DA8890030465B /* Build configuration list for PBXProject "LoadingExample" */ = {
			isa = XCConfigurationList;
			buildConfigurations = (
				4EC807F0229DA88A0030465B /* Debug */,
				4EC807F1229DA88A0030465B /* Release */,
			);
			defaultConfigurationIsVisible = 0;
			defaultConfigurationName = Release;
		};
		4EC807F2229DA88A0030465B /* Build configuration list for PBXNativeTarget "LoadingExample" */ = {
			isa = XCConfigurationList;
			buildConfigurations = (
				4EC807F3229DA88A0030465B /* Debug */,
				4EC807F4229DA88A0030465B /* Release */,
			);
			defaultConfigurationIsVisible = 0;
			defaultConfigurationName = Release;
		};
		4EC807F5229DA88A0030465B /* Build configuration list for PBXNativeTarget "LoadingExampleTests" */ = {
			isa = XCConfigurationList;
			buildConfigurations = (
				4EC807F6229DA88A0030465B /* Debug */,
				4EC807F7229DA88A0030465B /* Release */,
			);
			defaultConfigurationIsVisible = 0;
			defaultConfigurationName = Release;
		};
		4EC807F8229DA88A0030465B /* Build configuration list for PBXNativeTarget "LoadingExampleUITests" */ = {
			isa = XCConfigurationList;
			buildConfigurations = (
				4EC807F9229DA88A0030465B /* Debug */,
				4EC807FA229DA88A0030465B /* Release */,
			);
			defaultConfigurationIsVisible = 0;
			defaultConfigurationName = Release;
		};
/* End XCConfigurationList section */
	};
	rootObject = 4EC807C2229DA8890030465B /* Project object */;
}
